
Microsoft Visual Studio Solution File, Format Version 12.00
# Visual Studio 2013
VisualStudioVersion = 12.0.40629.0
MinimumVisualStudioVersion = 10.0.40219.1
Project("{FAE04EC0-301F-11D3-BF4B-00C04F79EFBC}") = "MeetSport.Backend", "MeetSport.Backend\MeetSport.Backend.csproj", "{C791076F-6250-438D-A706-07ADEE59D958}"
EndProject
Project("{FAE04EC0-301F-11D3-BF4B-00C04F79EFBC}") = "MeetSport.Shared", "MeetSport.Shared\MeetSport.Shared.csproj", "{ADE07B34-9142-489E-8C85-7E1E03CECA96}"
EndProject
Project("{FAE04EC0-301F-11D3-BF4B-00C04F79EFBC}") = "MeetSport.Frontend", "MeetSport.Frontend\MeetSport.Frontend.csproj", "{0C22D526-3D6C-49AF-A9C0-D1BA654FE1E5}"
EndProject
Global
	GlobalSection(SolutionConfigurationPlatforms) = preSolution
		Debug|Any CPU = Debug|Any CPU
		Release|Any CPU = Release|Any CPU
	EndGlobalSection
	GlobalSection(ProjectConfigurationPlatforms) = postSolution
		{C791076F-6250-438D-A706-07ADEE59D958}.Debug|Any CPU.ActiveCfg = Debug|Any CPU
		{C791076F-6250-438D-A706-07ADEE59D958}.Debug|Any CPU.Build.0 = Debug|Any CPU
		{C791076F-6250-438D-A706-07ADEE59D958}.Release|Any CPU.ActiveCfg = Release|Any CPU
		{C791076F-6250-438D-A706-07ADEE59D958}.Release|Any CPU.Build.0 = Release|Any CPU
		{ADE07B34-9142-489E-8C85-7E1E03CECA96}.Debug|Any CPU.ActiveCfg = Debug|Any CPU
		{ADE07B34-9142-489E-8C85-7E1E03CECA96}.Debug|Any CPU.Build.0 = Debug|Any CPU
		{ADE07B34-9142-489E-8C85-7E1E03CECA96}.Release|Any CPU.ActiveCfg = Release|Any CPU
		{ADE07B34-9142-489E-8C85-7E1E03CECA96}.Release|Any CPU.Build.0 = Release|Any CPU
		{0C22D526-3D6C-49AF-A9C0-D1BA654FE1E5}.Debug|Any CPU.ActiveCfg = Debug|Any CPU
		{0C22D526-3D6C-49AF-A9C0-D1BA654FE1E5}.Debug|Any CPU.Build.0 = Debug|Any CPU
		{0C22D526-3D6C-49AF-A9C0-D1BA654FE1E5}.Release|Any CPU.ActiveCfg = Release|Any CPU
		{0C22D526-3D6C-49AF-A9C0-D1BA654FE1E5}.Release|Any CPU.Build.0 = Release|Any CPU
	EndGlobalSection
	GlobalSection(SolutionProperties) = preSolution
		HideSolutionNode = FALSE
	EndGlobalSection
EndGlobal
